// !$*UTF8*$!
{
	archiveVersion = 1;
	classes = {
	};
	objectVersion = 77;
	objects = {

/* Begin PBXContainerItemProxy section */
		CCFF74842E3D9162003A6EE9 /* PBXContainerItemProxy */ = {
			isa = PBXContainerItemProxy;
			containerPortal = CCFF746E2E3D9161003A6EE9 /* Project object */;
			proxyType = 1;
			remoteGlobalIDString = CCFF74752E3D9161003A6EE9;
			remoteInfo = DynamicDecodingStuff;
		};
		CCFF748E2E3D9162003A6EE9 /* PBXContainerItemProxy */ = {
			isa = PBXContainerItemProxy;
			containerPortal = CCFF746E2E3D9161003A6EE9 /* Project object */;
			proxyType = 1;
			remoteGlobalIDString = CCFF74752E3D9161003A6EE9;
			remoteInfo = DynamicDecodingStuff;
		};
/* End PBXContainerItemProxy section */

/* Begin PBXFileReference section */
		CCFF74762E3D9161003A6EE9 /* DynamicDecodingStuff.app */ = {isa = PBXFileReference; explicitFileType = wrapper.application; includeInIndex = 0; path = DynamicDecodingStuff.app; sourceTree = BUILT_PRODUCTS_DIR; };
		CCFF74832E3D9162003A6EE9 /* DynamicDecodingStuffTests.xctest */ = {isa = PBXFileReference; explicitFileType = wrapper.cfbundle; includeInIndex = 0; path = DynamicDecodingStuffTests.xctest; sourceTree = BUILT_PRODUCTS_DIR; };
		CCFF748D2E3D9162003A6EE9 /* DynamicDecodingStuffUITests.xctest */ = {isa = PBXFileReference; explicitFileType = wrapper.cfbundle; includeInIndex = 0; path = DynamicDecodingStuffUITests.xctest; sourceTree = BUILT_PRODUCTS_DIR; };
/* End PBXFileReference section */

/* Begin PBXFileSystemSynchronizedRootGroup section */
		CCFF74782E3D9161003A6EE9 /* DynamicDecodingStuff */ = {
			isa = PBXFileSystemSynchronizedRootGroup;
			path = DynamicDecodingStuff;
			sourceTree = "<group>";
		};
		CCFF74862E3D9162003A6EE9 /* DynamicDecodingStuffTests */ = {
			isa = PBXFileSystemSynchronizedRootGroup;
			path = DynamicDecodingStuffTests;
			sourceTree = "<group>";
		};
		CCFF74902E3D9162003A6EE9 /* DynamicDecodingStuffUITests */ = {
			isa = PBXFileSystemSynchronizedRootGroup;
			path = DynamicDecodingStuffUITests;
			sourceTree = "<group>";
		};
/* End PBXFileSystemSynchronizedRootGroup section */

/* Begin PBXFrameworksBuildPhase section */
		CCFF74732E3D9161003A6EE9 /* Frameworks */ = {
			isa = PBXFrameworksBuildPhase;
			buildActionMask = 2147483647;
			files = (
			);
			runOnlyForDeploymentPostprocessing = 0;
		};
		CCFF74802E3D9162003A6EE9 /* Frameworks */ = {
			isa = PBXFrameworksBuildPhase;
			buildActionMask = 2147483647;
			files = (
			);
			runOnlyForDeploymentPostprocessing = 0;
		};
		CCFF748A2E3D9162003A6EE9 /* Frameworks */ = {
			isa = PBXFrameworksBuildPhase;
			buildActionMask = 2147483647;
			files = (
			);
			runOnlyForDeploymentPostprocessing = 0;
		};
/* End PBXFrameworksBuildPhase section */

/* Begin PBXGroup section */
		CCFF746D2E3D9161003A6EE9 = {
			isa = PBXGroup;
			children = (
				CCFF74782E3D9161003A6EE9 /* DynamicDecodingStuff */,
				CCFF74862E3D9162003A6EE9 /* DynamicDecodingStuffTests */,
				CCFF74902E3D9162003A6EE9 /* DynamicDecodingStuffUITests */,
				CCFF74772E3D9161003A6EE9 /* Products */,
			);
			sourceTree = "<group>";
		};
		CCFF74772E3D9161003A6EE9 /* Products */ = {
			isa = PBXGroup;
			children = (
				CCFF74762E3D9161003A6EE9 /* DynamicDecodingStuff.app */,
				CCFF74832E3D9162003A6EE9 /* DynamicDecodingStuffTests.xctest */,
				CCFF748D2E3D9162003A6EE9 /* DynamicDecodingStuffUITests.xctest */,
			);
			name = Products;
			sourceTree = "<group>";
		};
/* End PBXGroup section */

/* Begin PBXNativeTarget section */
		CCFF74752E3D9161003A6EE9 /* DynamicDecodingStuff */ = {
			isa = PBXNativeTarget;
			buildConfigurationList = CCFF74972E3D9162003A6EE9 /* Build configuration list for PBXNativeTarget "DynamicDecodingStuff" */;
			buildPhases = (
				CCFF74722E3D9161003A6EE9 /* Sources */,
				CCFF74732E3D9161003A6EE9 /* Frameworks */,
				CCFF74742E3D9161003A6EE9 /* Resources */,
			);
			buildRules = (
			);
			dependencies = (
			);
			fileSystemSynchronizedGroups = (
				CCFF74782E3D9161003A6EE9 /* DynamicDecodingStuff */,
			);
			name = DynamicDecodingStuff;
			packageProductDependencies = (
			);
			productName = DynamicDecodingStuff;
			productReference = CCFF74762E3D9161003A6EE9 /* DynamicDecodingStuff.app */;
			productType = "com.apple.product-type.application";
		};
		CCFF74822E3D9162003A6EE9 /* DynamicDecodingStuffTests */ = {
			isa = PBXNativeTarget;
			buildConfigurationList = CCFF749A2E3D9162003A6EE9 /* Build configuration list for PBXNativeTarget "DynamicDecodingStuffTests" */;
			buildPhases = (
				CCFF747F2E3D9162003A6EE9 /* Sources */,
				CCFF74802E3D9162003A6EE9 /* Frameworks */,
				CCFF74812E3D9162003A6EE9 /* Resources */,
			);
			buildRules = (
			);
			dependencies = (
				CCFF74852E3D9162003A6EE9 /* PBXTargetDependency */,
			);
			fileSystemSynchronizedGroups = (
				CCFF74862E3D9162003A6EE9 /* DynamicDecodingStuffTests */,
			);
			name = DynamicDecodingStuffTests;
			packageProductDependencies = (
			);
			productName = DynamicDecodingStuffTests;
			productReference = CCFF74832E3D9162003A6EE9 /* DynamicDecodingStuffTests.xctest */;
			productType = "com.apple.product-type.bundle.unit-test";
		};
		CCFF748C2E3D9162003A6EE9 /* DynamicDecodingStuffUITests */ = {
			isa = PBXNativeTarget;
			buildConfigurationList = CCFF749D2E3D9162003A6EE9 /* Build configuration list for PBXNativeTarget "DynamicDecodingStuffUITests" */;
			buildPhases = (
				CCFF74892E3D9162003A6EE9 /* Sources */,
				CCFF748A2E3D9162003A6EE9 /* Frameworks */,
				CCFF748B2E3D9162003A6EE9 /* Resources */,
			);
			buildRules = (
			);
			dependencies = (
				CCFF748F2E3D9162003A6EE9 /* PBXTargetDependency */,
			);
			fileSystemSynchronizedGroups = (
				CCFF74902E3D9162003A6EE9 /* DynamicDecodingStuffUITests */,
			);
			name = DynamicDecodingStuffUITests;
			packageProductDependencies = (
			);
			productName = DynamicDecodingStuffUITests;
			productReference = CCFF748D2E3D9162003A6EE9 /* DynamicDecodingStuffUITests.xctest */;
			productType = "com.apple.product-type.bundle.ui-testing";
		};
/* End PBXNativeTarget section */

/* Begin PBXProject section */
		CCFF746E2E3D9161003A6EE9 /* Project object */ = {
			isa = PBXProject;
			attributes = {
				BuildIndependentTargetsInParallel = 1;
				LastSwiftUpdateCheck = 1630;
				LastUpgradeCheck = 1630;
				TargetAttributes = {
					CCFF74752E3D9161003A6EE9 = {
						CreatedOnToolsVersion = 16.3;
					};
					CCFF74822E3D9162003A6EE9 = {
						CreatedOnToolsVersion = 16.3;
						TestTargetID = CCFF74752E3D9161003A6EE9;
					};
					CCFF748C2E3D9162003A6EE9 = {
						CreatedOnToolsVersion = 16.3;
						TestTargetID = CCFF74752E3D9161003A6EE9;
					};
				};
			};
			buildConfigurationList = CCFF74712E3D9161003A6EE9 /* Build configuration list for PBXProject "DynamicDecodingStuff" */;
			developmentRegion = en;
			hasScannedForEncodings = 0;
			knownRegions = (
				en,
				Base,
			);
			mainGroup = CCFF746D2E3D9161003A6EE9;
			minimizedProjectReferenceProxies = 1;
			preferredProjectObjectVersion = 77;
			productRefGroup = CCFF74772E3D9161003A6EE9 /* Products */;
			projectDirPath = "";
			projectRoot = "";
			targets = (
				CCFF74752E3D9161003A6EE9 /* DynamicDecodingStuff */,
				CCFF74822E3D9162003A6EE9 /* DynamicDecodingStuffTests */,
				CCFF748C2E3D9162003A6EE9 /* DynamicDecodingStuffUITests */,
			);
		};
/* End PBXProject section */

/* Begin PBXResourcesBuildPhase section */
		CCFF74742E3D9161003A6EE9 /* Resources */ = {
			isa = PBXResourcesBuildPhase;
			buildActionMask = 2147483647;
			files = (
			);
			runOnlyForDeploymentPostprocessing = 0;
		};
		CCFF74812E3D9162003A6EE9 /* Resources */ = {
			isa = PBXResourcesBuildPhase;
			buildActionMask = 2147483647;
			files = (
			);
			runOnlyForDeploymentPostprocessing = 0;
		};
		CCFF748B2E3D9162003A6EE9 /* Resources */ = {
			isa = PBXResourcesBuildPhase;
			buildActionMask = 2147483647;
			files = (
			);
			runOnlyForDeploymentPostprocessing = 0;
		};
/* End PBXResourcesBuildPhase section */

/* Begin PBXSourcesBuildPhase section */
		CCFF74722E3D9161003A6EE9 /* Sources */ = {
			isa = PBXSourcesBuildPhase;
			buildActionMask = 2147483647;
			files = (
			);
			runOnlyForDeploymentPostprocessing = 0;
		};
		CCFF747F2E3D9162003A6EE9 /* Sources */ = {
			isa = PBXSourcesBuildPhase;
			buildActionMask = 2147483647;
			files = (
			);
			runOnlyForDeploymentPostprocessing = 0;
		};
		CCFF74892E3D9162003A6EE9 /* Sources */ = {
			isa = PBXSourcesBuildPhase;
			buildActionMask = 2147483647;
			files = (
			);
			runOnlyForDeploymentPostprocessing = 0;
		};
/* End PBXSourcesBuildPhase section */

/* Begin PBXTargetDependency section */
		CCFF74852E3D9162003A6EE9 /* PBXTargetDependency */ = {
			isa = PBXTargetDependency;
			target = CCFF74752E3D9161003A6EE9 /* DynamicDecodingStuff */;
			targetProxy = CCFF74842E3D9162003A6EE9 /* PBXContainerItemProxy */;
		};
		CCFF748F2E3D9162003A6EE9 /* PBXTargetDependency */ = {
			isa = PBXTargetDependency;
			target = CCFF74752E3D9161003A6EE9 /* DynamicDecodingStuff */;
			targetProxy = CCFF748E2E3D9162003A6EE9 /* PBXContainerItemProxy */;
		};
/* End PBXTargetDependency section */

/* Begin XCBuildConfiguration section */
		CCFF74952E3D9162003A6EE9 /* Debug */ = {
			isa = XCBuildConfiguration;
			buildSettings = {
				ALWAYS_SEARCH_USER_PATHS = NO;
				ASSETCATALOG_COMPILER_GENERATE_SWIFT_ASSET_SYMBOL_EXTENSIONS = YES;
				CLANG_ANALYZER_NONNULL = YES;
				CLANG_ANALYZER_NUMBER_OBJECT_CONVERSION = YES_AGGRESSIVE;
				CLANG_CXX_LANGUAGE_STANDARD = "gnu++20";
				CLANG_ENABLE_MODULES = YES;
				CLANG_ENABLE_OBJC_ARC = YES;
				CLANG_ENABLE_OBJC_WEAK = YES;
				CLANG_WARN_BLOCK_CAPTURE_AUTORELEASING = YES;
				CLANG_WARN_BOOL_CONVERSION = YES;
				CLANG_WARN_COMMA = YES;
				CLANG_WARN_CONSTANT_CONVERSION = YES;
				CLANG_WARN_DEPRECATED_OBJC_IMPLEMENTATIONS = YES;
				CLANG_WARN_DIRECT_OBJC_ISA_USAGE = YES_ERROR;
				CLANG_WARN_DOCUMENTATION_COMMENTS = YES;
				CLANG_WARN_EMPTY_BODY = YES;
				CLANG_WARN_ENUM_CONVERSION = YES;
				CLANG_WARN_INFINITE_RECURSION = YES;
				CLANG_WARN_INT_CONVERSION = YES;
				CLANG_WARN_NON_LITERAL_NULL_CONVERSION = YES;
				CLANG_WARN_OBJC_IMPLICIT_RETAIN_SELF = YES;
				CLANG_WARN_OBJC_LITERAL_CONVERSION = YES;
				CLANG_WARN_OBJC_ROOT_CLASS = YES_ERROR;
				CLANG_WARN_QUOTED_INCLUDE_IN_FRAMEWORK_HEADER = YES;
				CLANG_WARN_RANGE_LOOP_ANALYSIS = YES;
				CLANG_WARN_STRICT_PROTOTYPES = YES;
				CLANG_WARN_SUSPICIOUS_MOVE = YES;
				CLANG_WARN_UNGUARDED_AVAILABILITY = YES_AGGRESSIVE;
				CLANG_WARN_UNREACHABLE_CODE = YES;
				CLANG_WARN__DUPLICATE_METHOD_MATCH = YES;
				COPY_PHASE_STRIP = NO;
				DEBUG_INFORMATION_FORMAT = dwarf;
				ENABLE_STRICT_OBJC_MSGSEND = YES;
				ENABLE_TESTABILITY = YES;
				ENABLE_USER_SCRIPT_SANDBOXING = YES;
				GCC_C_LANGUAGE_STANDARD = gnu17;
				GCC_DYNAMIC_NO_PIC = NO;
				GCC_NO_COMMON_BLOCKS = YES;
				GCC_OPTIMIZATION_LEVEL = 0;
				GCC_PREPROCESSOR_DEFINITIONS = (
					"DEBUG=1",
					"$(inherited)",
				);
				GCC_WARN_64_TO_32_BIT_CONVERSION = YES;
				GCC_WARN_ABOUT_RETURN_TYPE = YES_ERROR;
				GCC_WARN_UNDECLARED_SELECTOR = YES;
				GCC_WARN_UNINITIALIZED_AUTOS = YES_AGGRESSIVE;
				GCC_WARN_UNUSED_FUNCTION = YES;
				GCC_WARN_UNUSED_VARIABLE = YES;
				IPHONEOS_DEPLOYMENT_TARGET = 18.4;
				LOCALIZATION_PREFERS_STRING_CATALOGS = YES;
				MTL_ENABLE_DEBUG_INFO = INCLUDE_SOURCE;
				MTL_FAST_MATH = YES;
				ONLY_ACTIVE_ARCH = YES;
				SDKROOT = iphoneos;
				SWIFT_ACTIVE_COMPILATION_CONDITIONS = "DEBUG $(inherited)";
				SWIFT_OPTIMIZATION_LEVEL = "-Onone";
			};
			name = Debug;
		};
		CCFF74962E3D9162003A6EE9 /* Release */ = {
			isa = XCBuildConfiguration;
			buildSettings = {
				ALWAYS_SEARCH_USER_PATHS = NO;
				ASSETCATALOG_COMPILER_GENERATE_SWIFT_ASSET_SYMBOL_EXTENSIONS = YES;
				CLANG_ANALYZER_NONNULL = YES;
				CLANG_ANALYZER_NUMBER_OBJECT_CONVERSION = YES_AGGRESSIVE;
				CLANG_CXX_LANGUAGE_STANDARD = "gnu++20";
				CLANG_ENABLE_MODULES = YES;
				CLANG_ENABLE_OBJC_ARC = YES;
				CLANG_ENABLE_OBJC_WEAK = YES;
				CLANG_WARN_BLOCK_CAPTURE_AUTORELEASING = YES;
				CLANG_WARN_BOOL_CONVERSION = YES;
				CLANG_WARN_COMMA = YES;
				CLANG_WARN_CONSTANT_CONVERSION = YES;
				CLANG_WARN_DEPRECATED_OBJC_IMPLEMENTATIONS = YES;
				CLANG_WARN_DIRECT_OBJC_ISA_USAGE = YES_ERROR;
				CLANG_WARN_DOCUMENTATION_COMMENTS = YES;
				CLANG_WARN_EMPTY_BODY = YES;
				CLANG_WARN_ENUM_CONVERSION = YES;
				CLANG_WARN_INFINITE_RECURSION = YES;
				CLANG_WARN_INT_CONVERSION = YES;
				CLANG_WARN_NON_LITERAL_NULL_CONVERSION = YES;
				CLANG_WARN_OBJC_IMPLICIT_RETAIN_SELF = YES;
				CLANG_WARN_OBJC_LITERAL_CONVERSION = YES;
				CLANG_WARN_OBJC_ROOT_CLASS = YES_ERROR;
				CLANG_WARN_QUOTED_INCLUDE_IN_FRAMEWORK_HEADER = YES;
				CLANG_WARN_RANGE_LOOP_ANALYSIS = YES;
				CLANG_WARN_STRICT_PROTOTYPES = YES;
				CLANG_WARN_SUSPICIOUS_MOVE = YES;
				CLANG_WARN_UNGUARDED_AVAILABILITY = YES_AGGRESSIVE;
				CLANG_WARN_UNREACHABLE_CODE = YES;
				CLANG_WARN__DUPLICATE_METHOD_MATCH = YES;
				COPY_PHASE_STRIP = NO;
				DEBUG_INFORMATION_FORMAT = "dwarf-with-dsym";
				ENABLE_NS_ASSERTIONS = NO;
				ENABLE_STRICT_OBJC_MSGSEND = YES;
				ENABLE_USER_SCRIPT_SANDBOXING = YES;
				GCC_C_LANGUAGE_STANDARD = gnu17;
				GCC_NO_COMMON_BLOCKS = YES;
				GCC_WARN_64_TO_32_BIT_CONVERSION = YES;
				GCC_WARN_ABOUT_RETURN_TYPE = YES_ERROR;
				GCC_WARN_UNDECLARED_SELECTOR = YES;
				GCC_WARN_UNINITIALIZED_AUTOS = YES_AGGRESSIVE;
				GCC_WARN_UNUSED_FUNCTION = YES;
				GCC_WARN_UNUSED_VARIABLE = YES;
				IPHONEOS_DEPLOYMENT_TARGET = 18.4;
				LOCALIZATION_PREFERS_STRING_CATALOGS = YES;
				MTL_ENABLE_DEBUG_INFO = NO;
				MTL_FAST_MATH = YES;
				SDKROOT = iphoneos;
				SWIFT_COMPILATION_MODE = wholemodule;
				VALIDATE_PRODUCT = YES;
			};
			name = Release;
		};
		CCFF74982E3D9162003A6EE9 /* Debug */ = {
			isa = XCBuildConfiguration;
			buildSettings = {
				ASSETCATALOG_COMPILER_APPICON_NAME = AppIcon;
				ASSETCATALOG_COMPILER_GLOBAL_ACCENT_COLOR_NAME = AccentColor;
				CODE_SIGN_STYLE = Automatic;
				CURRENT_PROJECT_VERSION = 1;
				ENABLE_PREVIEWS = YES;
				GENERATE_INFOPLIST_FILE = YES;
				INFOPLIST_KEY_UIApplicationSceneManifest_Generation = YES;
				INFOPLIST_KEY_UIApplicationSupportsIndirectInputEvents = YES;
				INFOPLIST_KEY_UILaunchScreen_Generation = YES;
				INFOPLIST_KEY_UISupportedInterfaceOrientations_iPad = "UIInterfaceOrientationPortrait UIInterfaceOrientationPortraitUpsideDown UIInterfaceOrientationLandscapeLeft UIInterfaceOrientationLandscapeRight";
				INFOPLIST_KEY_UISupportedInterfaceOrientations_iPhone = "UIInterfaceOrientationPortrait UIInterfaceOrientationLandscapeLeft UIInterfaceOrientationLandscapeRight";
				LD_RUNPATH_SEARCH_PATHS = (
					"$(inherited)",
					"@executable_path/Frameworks",
				);
				MARKETING_VERSION = 1.0;
				PRODUCT_BUNDLE_IDENTIFIER = com.bremeyer.DynamicDecodingStuff;
				PRODUCT_NAME = "$(TARGET_NAME)";
				SWIFT_EMIT_LOC_STRINGS = YES;
				SWIFT_VERSION = 5.0;
				TARGETED_DEVICE_FAMILY = "1,2";
			};
			name = Debug;
		};
		CCFF74992E3D9162003A6EE9 /* Release */ = {
			isa = XCBuildConfiguration;
			buildSettings = {
				ASSETCATALOG_COMPILER_APPICON_NAME = AppIcon;
				ASSETCATALOG_COMPILER_GLOBAL_ACCENT_COLOR_NAME = AccentColor;
				CODE_SIGN_STYLE = Automatic;
				CURRENT_PROJECT_VERSION = 1;
				ENABLE_PREVIEWS = YES;
				GENERATE_INFOPLIST_FILE = YES;
				INFOPLIST_KEY_UIApplicationSceneManifest_Generation = YES;
				INFOPLIST_KEY_UIApplicationSupportsIndirectInputEvents = YES;
				INFOPLIST_KEY_UILaunchScreen_Generation = YES;
				INFOPLIST_KEY_UISupportedInterfaceOrientations_iPad = "UIInterfaceOrientationPortrait UIInterfaceOrientationPortraitUpsideDown UIInterfaceOrientationLandscapeLeft UIInterfaceOrientationLandscapeRight";
				INFOPLIST_KEY_UISupportedInterfaceOrientations_iPhone = "UIInterfaceOrientationPortrait UIInterfaceOrientationLandscapeLeft UIInterfaceOrientationLandscapeRight";
				LD_RUNPATH_SEARCH_PATHS = (
					"$(inherited)",
					"@executable_path/Frameworks",
				);
				MARKETING_VERSION = 1.0;
				PRODUCT_BUNDLE_IDENTIFIER = com.bremeyer.DynamicDecodingStuff;
				PRODUCT_NAME = "$(TARGET_NAME)";
				SWIFT_EMIT_LOC_STRINGS = YES;
				SWIFT_VERSION = 5.0;
				TARGETED_DEVICE_FAMILY = "1,2";
			};
			name = Release;
		};
		CCFF749B2E3D9162003A6EE9 /* Debug */ = {
			isa = XCBuildConfiguration;
			buildSettings = {
				BUNDLE_LOADER = "$(TEST_HOST)";
				CODE_SIGN_STYLE = Automatic;
				CURRENT_PROJECT_VERSION = 1;
				GENERATE_INFOPLIST_FILE = YES;
				IPHONEOS_DEPLOYMENT_TARGET = 18.4;
				MARKETING_VERSION = 1.0;
				PRODUCT_BUNDLE_IDENTIFIER = com.bremeyer.DynamicDecodingStuffTests;
				PRODUCT_NAME = "$(TARGET_NAME)";
				SWIFT_EMIT_LOC_STRINGS = NO;
				SWIFT_VERSION = 5.0;
				TARGETED_DEVICE_FAMILY = "1,2";
				TEST_HOST = "$(BUILT_PRODUCTS_DIR)/DynamicDecodingStuff.app/$(BUNDLE_EXECUTABLE_FOLDER_PATH)/DynamicDecodingStuff";
			};
			name = Debug;
		};
		CCFF749C2E3D9162003A6EE9 /* Release */ = {
			isa = XCBuildConfiguration;
			buildSettings = {
				BUNDLE_LOADER = "$(TEST_HOST)";
				CODE_SIGN_STYLE = Automatic;
				CURRENT_PROJECT_VERSION = 1;
				GENERATE_INFOPLIST_FILE = YES;
				IPHONEOS_DEPLOYMENT_TARGET = 18.4;
				MARKETING_VERSION = 1.0;
				PRODUCT_BUNDLE_IDENTIFIER = com.bremeyer.DynamicDecodingStuffTests;
				PRODUCT_NAME = "$(TARGET_NAME)";
				SWIFT_EMIT_LOC_STRINGS = NO;
				SWIFT_VERSION = 5.0;
				TARGETED_DEVICE_FAMILY = "1,2";
				TEST_HOST = "$(BUILT_PRODUCTS_DIR)/DynamicDecodingStuff.app/$(BUNDLE_EXECUTABLE_FOLDER_PATH)/DynamicDecodingStuff";
			};
			name = Release;
		};
		CCFF749E2E3D9162003A6EE9 /* Debug */ = {
			isa = XCBuildConfiguration;
			buildSettings = {
				CODE_SIGN_STYLE = Automatic;
				CURRENT_PROJECT_VERSION = 1;
				GENERATE_INFOPLIST_FILE = YES;
				MARKETING_VERSION = 1.0;
				PRODUCT_BUNDLE_IDENTIFIER = com.bremeyer.DynamicDecodingStuffUITests;
				PRODUCT_NAME = "$(TARGET_NAME)";
				SWIFT_EMIT_LOC_STRINGS = NO;
				SWIFT_VERSION = 5.0;
				TARGETED_DEVICE_FAMILY = "1,2";
				TEST_TARGET_NAME = DynamicDecodingStuff;
			};
			name = Debug;
		};
		CCFF749F2E3D9162003A6EE9 /* Release */ = {
			isa = XCBuildConfiguration;
			buildSettings = {
				CODE_SIGN_STYLE = Automatic;
				CURRENT_PROJECT_VERSION = 1;
				GENERATE_INFOPLIST_FILE = YES;
				MARKETING_VERSION = 1.0;
				PRODUCT_BUNDLE_IDENTIFIER = com.bremeyer.DynamicDecodingStuffUITests;
				PRODUCT_NAME = "$(TARGET_NAME)";
				SWIFT_EMIT_LOC_STRINGS = NO;
				SWIFT_VERSION = 5.0;
				TARGETED_DEVICE_FAMILY = "1,2";
				TEST_TARGET_NAME = DynamicDecodingStuff;
			};
			name = Release;
		};
/* End XCBuildConfiguration section */

/* Begin XCConfigurationList section */
		CCFF74712E3D9161003A6EE9 /* Build configuration list for PBXProject "DynamicDecodingStuff" */ = {
			isa = XCConfigurationList;
			buildConfigurations = (
				CCFF74952E3D9162003A6EE9 /* Debug */,
				CCFF74962E3D9162003A6EE9 /* Release */,
			);
			defaultConfigurationIsVisible = 0;
			defaultConfigurationName = Release;
		};
		CCFF74972E3D9162003A6EE9 /* Build configuration list for PBXNativeTarget "DynamicDecodingStuff" */ = {
			isa = XCConfigurationList;
			buildConfigurations = (
				CCFF74982E3D9162003A6EE9 /* Debug */,
				CCFF74992E3D9162003A6EE9 /* Release */,
			);
			defaultConfigurationIsVisible = 0;
			defaultConfigurationName = Release;
		};
		CCFF749A2E3D9162003A6EE9 /* Build configuration list for PBXNativeTarget "DynamicDecodingStuffTests" */ = {
			isa = XCConfigurationList;
			buildConfigurations = (
				CCFF749B2E3D9162003A6EE9 /* Debug */,
				CCFF749C2E3D9162003A6EE9 /* Release */,
			);
			defaultConfigurationIsVisible = 0;
			defaultConfigurationName = Release;
		};
		CCFF749D2E3D9162003A6EE9 /* Build configuration list for PBXNativeTarget "DynamicDecodingStuffUITests" */ = {
			isa = XCConfigurationList;
			buildConfigurations = (
				CCFF749E2E3D9162003A6EE9 /* Debug */,
				CCFF749F2E3D9162003A6EE9 /* Release */,
			);
			defaultConfigurationIsVisible = 0;
			defaultConfigurationName = Release;
		};
/* End XCConfigurationList section */
	};
	rootObject = CCFF746E2E3D9161003A6EE9 /* Project object */;
}
